
Microsoft Visual Studio Solution File, Format Version 12.00
# Visual Studio 15
VisualStudioVersion = 15.0.27004.2010
MinimumVisualStudioVersion = 10.0.40219.1
Project("{FAE04EC0-301F-11D3-BF4B-00C04F79EFBC}") = "HomeWork2", "HomeWork2\HomeWork2.csproj", "{14A77F5E-CE46-41E2-871F-28109B3E0307}"
EndProject
Project("{FAE04EC0-301F-11D3-BF4B-00C04F79EFBC}") = "Workers", "Workers\Workers.csproj", "{3000D06C-377D-44F1-8CE5-3DD122D6C5A5}"
EndProject
Project("{FAE04EC0-301F-11D3-BF4B-00C04F79EFBC}") = "Test", "Test\Test.csproj", "{6778A031-ECA2-4866-815D-B7F96C0F812F}"
EndProject
Global
	GlobalSection(SolutionConfigurationPlatforms) = preSolution
		Debug|Any CPU = Debug|Any CPU
		Release|Any CPU = Release|Any CPU
	EndGlobalSection
	GlobalSection(ProjectConfigurationPlatforms) = postSolution
		{14A77F5E-CE46-41E2-871F-28109B3E0307}.Debug|Any CPU.ActiveCfg = Debug|Any CPU
		{14A77F5E-CE46-41E2-871F-28109B3E0307}.Debug|Any CPU.Build.0 = Debug|Any CPU
		{14A77F5E-CE46-41E2-871F-28109B3E0307}.Release|Any CPU.ActiveCfg = Release|Any CPU
		{14A77F5E-CE46-41E2-871F-28109B3E0307}.Release|Any CPU.Build.0 = Release|Any CPU
		{3000D06C-377D-44F1-8CE5-3DD122D6C5A5}.Debug|Any CPU.ActiveCfg = Debug|Any CPU
		{3000D06C-377D-44F1-8CE5-3DD122D6C5A5}.Debug|Any CPU.Build.0 = Debug|Any CPU
		{3000D06C-377D-44F1-8CE5-3DD122D6C5A5}.Release|Any CPU.ActiveCfg = Release|Any CPU
		{3000D06C-377D-44F1-8CE5-3DD122D6C5A5}.Release|Any CPU.Build.0 = Release|Any CPU
		{6778A031-ECA2-4866-815D-B7F96C0F812F}.Debug|Any CPU.ActiveCfg = Debug|Any CPU
		{6778A031-ECA2-4866-815D-B7F96C0F812F}.Debug|Any CPU.Build.0 = Debug|Any CPU
		{6778A031-ECA2-4866-815D-B7F96C0F812F}.Release|Any CPU.ActiveCfg = Release|Any CPU
		{6778A031-ECA2-4866-815D-B7F96C0F812F}.Release|Any CPU.Build.0 = Release|Any CPU
	EndGlobalSection
	GlobalSection(SolutionProperties) = preSolution
		HideSolutionNode = FALSE
	EndGlobalSection
	GlobalSection(ExtensibilityGlobals) = postSolution
		SolutionGuid = {6FC09709-7CE2-4E0B-8D43-49416AF164F6}
	EndGlobalSection
EndGlobal
